
Microsoft Visual Studio Solution File, Format Version 12.00
# Visual Studio Version 17
VisualStudioVersion = 17.0.31903.59
MinimumVisualStudioVersion = 10.0.40219.1
Project("{2150E333-8FDC-42A3-9474-1A3956D46DE8}") = "infra", "infra", "{83D2AB24-B493-4005-ADB0-554DF267A5CB}"
EndProject
Project("{2150E333-8FDC-42A3-9474-1A3956D46DE8}") = "keycloak", "keycloak", "{242AFBC5-5B60-4B67-A47A-72F6B86E8DF1}"
	ProjectSection(SolutionItems) = preProject
		infra\keycloak\realm-export.json = infra\keycloak\realm-export.json
	EndProjectSection
EndProject
Project("{2150E333-8FDC-42A3-9474-1A3956D46DE8}") = "vault", "vault", "{29E5F61C-7026-47EB-B318-A40F32B9B6EE}"
	ProjectSection(SolutionItems) = preProject
		infra\vault\config\config.hcl = infra\vault\config\config.hcl
	EndProjectSection
EndProject
Project("{2150E333-8FDC-42A3-9474-1A3956D46DE8}") = "manage", "manage", "{ABF7544F-1FF8-45D3-A098-06B7B7762D72}"
	ProjectSection(SolutionItems) = preProject
		CLAUDE.md = CLAUDE.md
		CONTRIBUTING.md = CONTRIBUTING.md
		global.json = global.json
		README.md = README.md
	EndProjectSection
EndProject
Project("{2150E333-8FDC-42A3-9474-1A3956D46DE8}") = "src", "src", "{8DFE3C65-AB17-41A3-AE73-C613D30F49FF}"
EndProject
Project("{2150E333-8FDC-42A3-9474-1A3956D46DE8}") = "api", "api", "{45670F7F-F71F-45C9-9FD3-39649F539182}"
EndProject
Project("{FAE04EC0-301F-11D3-BF4B-00C04F79EFBC}") = "Faber.Api", "src\api\Faber.Api\Faber.Api.csproj", "{532E8BF5-5BD2-48EE-872A-FBDD505B7B59}"
EndProject
Project("{2150E333-8FDC-42A3-9474-1A3956D46DE8}") = "Jobs", "Jobs", "{9B19A252-B474-4E15-AD4E-3B5621F77781}"
EndProject
Project("{FAE04EC0-301F-11D3-BF4B-00C04F79EFBC}") = "Faber.Migrations", "src\api\Jobs\Faber.Migrations\Faber.Migrations.csproj", "{EE81EE4A-A38B-4B64-B6DD-26892246F7CB}"
EndProject
Project("{2150E333-8FDC-42A3-9474-1A3956D46DE8}") = "Aspire", "Aspire", "{E1A08341-1AAD-4120-90B1-6A9DE042EAC1}"
EndProject
Project("{FAE04EC0-301F-11D3-BF4B-00C04F79EFBC}") = "Faber.AppHost", "src\api\Aspire\Faber.AppHost\Faber.AppHost.csproj", "{D4FBC5ED-6B75-44DC-A0FA-284E0C83923C}"
EndProject
Project("{FAE04EC0-301F-11D3-BF4B-00C04F79EFBC}") = "Faber.ServiceDefaults", "src\api\Aspire\Faber.ServiceDefaults\Faber.ServiceDefaults.csproj", "{2BED0ACC-F592-4A85-9076-367A5F5E68ED}"
EndProject
Project("{2150E333-8FDC-42A3-9474-1A3956D46DE8}") = "Modules", "Modules", "{5E8F9FB7-B860-4150-ABBE-CC4D0572BA67}"
EndProject
Project("{2150E333-8FDC-42A3-9474-1A3956D46DE8}") = "Auth", "Auth", "{7F784E74-3350-424D-AAE3-5B55CFB6D748}"
EndProject
Project("{FAE04EC0-301F-11D3-BF4B-00C04F79EFBC}") = "Faber.Modules.Auth.PublicApi", "src\api\Modules\Auth\Faber.Modules.Auth.PublicApi\Faber.Modules.Auth.PublicApi.csproj", "{E5E9ABA1-B256-4A8C-8A4B-08CA9B119273}"
EndProject
Project("{FAE04EC0-301F-11D3-BF4B-00C04F79EFBC}") = "Faber.Modules.Auth.Application", "src\api\Modules\Auth\Faber.Modules.Auth.Application\Faber.Modules.Auth.Application.csproj", "{9D6D2232-9629-4050-BBB3-4340F26318EF}"
EndProject
Project("{FAE04EC0-301F-11D3-BF4B-00C04F79EFBC}") = "Faber.Modules.Auth.Domain", "src\api\Modules\Auth\Faber.Modules.Auth.Domain\Faber.Modules.Auth.Domain.csproj", "{AE661273-C226-425B-88C0-DEF6DF68C6E8}"
EndProject
Project("{2150E333-8FDC-42A3-9474-1A3956D46DE8}") = "Common", "Common", "{39055CEB-813E-49D4-BFAD-6481536DCAC6}"
EndProject
Project("{FAE04EC0-301F-11D3-BF4B-00C04F79EFBC}") = "Faber.Modules.Common.PublicApi", "src\api\Modules\Common\Faber.Modules.Common.PublicApi\Faber.Modules.Common.PublicApi.csproj", "{59470C44-A323-46BA-BEE7-19AC38D976E8}"
EndProject
Project("{2150E333-8FDC-42A3-9474-1A3956D46DE8}") = "Identity", "Identity", "{EDD4AB55-E6C5-41D7-9220-4DD409B2BE50}"
EndProject
Project("{FAE04EC0-301F-11D3-BF4B-00C04F79EFBC}") = "Faber.Modules.Identity.Application", "src\api\Modules\Identity\Faber.Modules.Identity.Application\Faber.Modules.Identity.Application.csproj", "{DF29AE7E-C2C7-47D5-B812-C486C19FCD57}"
EndProject
Project("{FAE04EC0-301F-11D3-BF4B-00C04F79EFBC}") = "Faber.Modules.Identity.Domain", "src\api\Modules\Identity\Faber.Modules.Identity.Domain\Faber.Modules.Identity.Domain.csproj", "{384E9B1F-29B1-4F32-BE4C-DECE868633CE}"
EndProject
Project("{FAE04EC0-301F-11D3-BF4B-00C04F79EFBC}") = "Faber.Modules.Identity.Infrastructure", "src\api\Modules\Identity\Faber.Modules.Identity.Infrastructure\Faber.Modules.Identity.Infrastructure.csproj", "{CF86B08E-288F-458B-8A34-420722C523D3}"
EndProject
Project("{FAE04EC0-301F-11D3-BF4B-00C04F79EFBC}") = "Faber.Modules.Identity.PublicApi", "src\api\Modules\Identity\Faber.Modules.Identity.PublicApi\Faber.Modules.Identity.PublicApi.csproj", "{2DD3EB26-BD96-4CDF-916A-B2D99B1C1C57}"
EndProject
Project("{2150E333-8FDC-42A3-9474-1A3956D46DE8}") = "Notifications", "Notifications", "{AB09EC51-1599-4BC2-BF29-251722B1EFA1}"
EndProject
Project("{FAE04EC0-301F-11D3-BF4B-00C04F79EFBC}") = "Faber.Modules.Notifications.Application", "src\api\Modules\Notifications\Faber.Modules.Notifications.Application\Faber.Modules.Notifications.Application.csproj", "{50B69B39-192D-4752-AFBA-1DE92EF2060B}"
EndProject
Project("{FAE04EC0-301F-11D3-BF4B-00C04F79EFBC}") = "Faber.Modules.Notifications.PublicApi", "src\api\Modules\Notifications\Faber.Modules.Notifications.PublicApi\Faber.Modules.Notifications.PublicApi.csproj", "{9EC50813-29B1-4E1A-A622-2A055B4EC452}"
EndProject
Project("{2150E333-8FDC-42A3-9474-1A3956D46DE8}") = "Resumes", "Resumes", "{A88AB939-642F-4940-B7A1-2ED6805ED20E}"
EndProject
Project("{FAE04EC0-301F-11D3-BF4B-00C04F79EFBC}") = "Faber.Modules.Resumes.Application", "src\api\Modules\Resumes\Faber.Modules.Resumes.Application\Faber.Modules.Resumes.Application.csproj", "{41635875-D910-4E5A-830D-424EEE02EF76}"
EndProject
Project("{FAE04EC0-301F-11D3-BF4B-00C04F79EFBC}") = "Faber.Modules.Resumes.Domain", "src\api\Modules\Resumes\Faber.Modules.Resumes.Domain\Faber.Modules.Resumes.Domain.csproj", "{8318A858-1615-4393-9295-8F188080DFD9}"
EndProject
Project("{FAE04EC0-301F-11D3-BF4B-00C04F79EFBC}") = "Faber.Modules.Resumes.Infrastructure", "src\api\Modules\Resumes\Faber.Modules.Resumes.Infrastructure\Faber.Modules.Resumes.Infrastructure.csproj", "{B790B2CA-9E12-4EDF-B049-B0A611B2D60C}"
EndProject
Project("{FAE04EC0-301F-11D3-BF4B-00C04F79EFBC}") = "Faber.Modules.Resumes.PublicApi", "src\api\Modules\Resumes\Faber.Modules.Resumes.PublicApi\Faber.Modules.Resumes.PublicApi.csproj", "{C646C7CC-09E2-40B1-8848-87D0B7813BCE}"
EndProject
Project("{2150E333-8FDC-42A3-9474-1A3956D46DE8}") = "Users", "Users", "{BFD07B58-98AC-44DF-A351-A0A337ABC80C}"
EndProject
Project("{FAE04EC0-301F-11D3-BF4B-00C04F79EFBC}") = "Faber.Modules.Users.Application", "src\api\Modules\Users\Faber.Modules.Users.Application\Faber.Modules.Users.Application.csproj", "{C5DDB061-9AFD-4BA2-BE4B-184908F4723F}"
EndProject
Project("{FAE04EC0-301F-11D3-BF4B-00C04F79EFBC}") = "Faber.Modules.Users.Domain", "src\api\Modules\Users\Faber.Modules.Users.Domain\Faber.Modules.Users.Domain.csproj", "{DFB94795-B110-41DF-A582-7C593049DE8F}"
EndProject
Project("{FAE04EC0-301F-11D3-BF4B-00C04F79EFBC}") = "Faber.Modules.Users.PublicApi", "src\api\Modules\Users\Faber.Modules.Users.PublicApi\Faber.Modules.Users.PublicApi.csproj", "{1E155D49-0469-4D55-8F21-8D5836CF4DAE}"
EndProject
Project("{2150E333-8FDC-42A3-9474-1A3956D46DE8}") = "Vault", "Vault", "{6E70C39D-1AC9-413A-906C-6CDAD8B85DB2}"
EndProject
Project("{FAE04EC0-301F-11D3-BF4B-00C04F79EFBC}") = "Faber.Modules.Vault.Application", "src\api\Modules\Vault\Faber.Modules.Vault.Application\Faber.Modules.Vault.Application.csproj", "{10B4648D-F540-438E-A646-0E316FC19C29}"
EndProject
Project("{FAE04EC0-301F-11D3-BF4B-00C04F79EFBC}") = "Faber.Modules.Vault.PublicApi", "src\api\Modules\Vault\Faber.Modules.Vault.PublicApi\Faber.Modules.Vault.PublicApi.csproj", "{B4EFE3EB-6269-416B-BE7C-3E842587DD06}"
EndProject
Project("{2150E333-8FDC-42A3-9474-1A3956D46DE8}") = "Documents", "Documents", "{98C34A4D-C331-48F2-81B8-CC2536A5E456}"
EndProject
Project("{FAE04EC0-301F-11D3-BF4B-00C04F79EFBC}") = "Faber.Modules.Documents.Application", "src\api\Modules\Documents\Faber.Modules.Documents.Application\Faber.Modules.Documents.Application.csproj", "{8BD84D1C-D0ED-4130-AD01-204C1ADA003E}"
EndProject
Project("{FAE04EC0-301F-11D3-BF4B-00C04F79EFBC}") = "Faber.Modules.Documents.PublicApi", "src\api\Modules\Documents\Faber.Modules.Documents.PublicApi\Faber.Modules.Documents.PublicApi.csproj", "{B378D570-AEC9-462E-A988-06F74D719392}"
EndProject
Project("{2150E333-8FDC-42A3-9474-1A3956D46DE8}") = "tests", "tests", "{67DF9109-3A50-4869-B79C-231384208624}"
EndProject
Project("{2150E333-8FDC-42A3-9474-1A3956D46DE8}") = "Integration", "Integration", "{BB49207F-C5BC-454C-9CAF-050104CB70BB}"
EndProject
Project("{2150E333-8FDC-42A3-9474-1A3956D46DE8}") = "Modules", "Modules", "{CBDC54F4-8F95-411A-93C0-BAB6E5E3EFD8}"
EndProject
Project("{2150E333-8FDC-42A3-9474-1A3956D46DE8}") = "Auth", "Auth", "{1FBEB823-AF1B-47CD-8219-7F859BF42FCD}"
EndProject
Project("{FAE04EC0-301F-11D3-BF4B-00C04F79EFBC}") = "Faber.Modules.Auth.Application.Tests", "tests\Integration\Modules\Auth\Faber.Modules.Auth.Application.Tests\Faber.Modules.Auth.Application.Tests.csproj", "{E3995CCC-59DC-43B6-96B0-6AC3C73E0FAB}"
EndProject
Project("{2150E333-8FDC-42A3-9474-1A3956D46DE8}") = "Common", "Common", "{5E31B416-A7FC-4BC0-908D-9823B0365220}"
EndProject
Project("{FAE04EC0-301F-11D3-BF4B-00C04F79EFBC}") = "Faber.Testing.Shared", "tests\Integration\Modules\Common\Faber.Testing.Shared\Faber.Testing.Shared.csproj", "{E193645A-BBF6-4271-9E39-B299151C314F}"
EndProject
Project("{2150E333-8FDC-42A3-9474-1A3956D46DE8}") = "Resumes", "Resumes", "{82F4D4E9-5D4D-4DA0-B203-D483BEBD5AEC}"
EndProject
Project("{FAE04EC0-301F-11D3-BF4B-00C04F79EFBC}") = "Faber.Modules.Resumes.Application.Tests", "tests\Integration\Modules\Resumes\Faber.Modules.Resumes.Application.Tests\Faber.Modules.Resumes.Application.Tests.csproj", "{13122B16-5988-4526-B365-05F9A7F2770D}"
EndProject
Project("{FAE04EC0-301F-11D3-BF4B-00C04F79EFBC}") = "Faber.Api.Tests", "tests\Integration\Faber.Api.Tests\Faber.Api.Tests.csproj", "{77010986-B3F9-4A1F-B808-B502BE573C33}"
EndProject
Project("{FAE04EC0-301F-11D3-BF4B-00C04F79EFBC}") = "Faber.Migrations.Tests", "tests\Integration\Faber.Migrations.Tests\Faber.Migrations.Tests.csproj", "{E1D0E3E5-AF04-41D5-BD60-97DC5135AE6E}"
EndProject
Project("{FAE04EC0-301F-11D3-BF4B-00C04F79EFBC}") = "Faber.Modules.Vault.Application.Tests", "tests\Integration\Modules\Vault\Faber.Modules.Vault.Application.Tests\Faber.Modules.Vault.Application.Tests.csproj", "{35E79EA5-28EC-4ACB-8740-B25CB828D7D5}"
EndProject
Project("{FAE04EC0-301F-11D3-BF4B-00C04F79EFBC}") = "Faber.Modules.Notifications.Application.UnitTests", "tests\Unit\Modules\Notifications\Faber.Modules.Notifications.Application.UnitTests\Faber.Modules.Notifications.Application.UnitTests.csproj", "{8E5E5539-61CB-4FED-BE4F-817A5C5F526E}"
EndProject
Project("{FAE04EC0-301F-11D3-BF4B-00C04F79EFBC}") = "Faber.Modules.Resumes.Application.UnitTests", "tests\Unit\Modules\Resumes\Faber.Modules.Resumes.Application.UnitTests\Faber.Modules.Resumes.Application.UnitTests.csproj", "{B94AAE3B-C0BF-431A-B0D0-F08AB174946C}"
EndProject
Project("{FAE04EC0-301F-11D3-BF4B-00C04F79EFBC}") = "Faber.Bootstrap", "src\api\Jobs\Faber.Bootstrap\Faber.Bootstrap.csproj", "{8067D98C-F61E-438D-90FE-044D72A22F21}"
EndProject
Project("{FAE04EC0-301F-11D3-BF4B-00C04F79EFBC}") = "Faber.Bootstrap.Tests", "tests\Integration\Faber.Bootstrap.Tests\Faber.Bootstrap.Tests.csproj", "{5AEF14FF-6813-4D24-BFE9-BB2A783E1F19}"
EndProject
Project("{FAE04EC0-301F-11D3-BF4B-00C04F79EFBC}") = "Faber.AppHost.Tests", "tests\Integration\Faber.AppHost.Tests\Faber.AppHost.Tests.csproj", "{E3B7A7BD-F029-45BA-9342-2FBDEA17308B}"
EndProject
Global
	GlobalSection(SolutionConfigurationPlatforms) = preSolution
		Debug|Any CPU = Debug|Any CPU
		Debug|x64 = Debug|x64
		Debug|x86 = Debug|x86
		Release|Any CPU = Release|Any CPU
		Release|x64 = Release|x64
		Release|x86 = Release|x86
	EndGlobalSection
	GlobalSection(ProjectConfigurationPlatforms) = postSolution
		{532E8BF5-5BD2-48EE-872A-FBDD505B7B59}.Debug|Any CPU.ActiveCfg = Debug|Any CPU
		{532E8BF5-5BD2-48EE-872A-FBDD505B7B59}.Debug|Any CPU.Build.0 = Debug|Any CPU
		{532E8BF5-5BD2-48EE-872A-FBDD505B7B59}.Debug|x64.ActiveCfg = Debug|Any CPU
		{532E8BF5-5BD2-48EE-872A-FBDD505B7B59}.Debug|x64.Build.0 = Debug|Any CPU
		{532E8BF5-5BD2-48EE-872A-FBDD505B7B59}.Debug|x86.ActiveCfg = Debug|Any CPU
		{532E8BF5-5BD2-48EE-872A-FBDD505B7B59}.Debug|x86.Build.0 = Debug|Any CPU
		{532E8BF5-5BD2-48EE-872A-FBDD505B7B59}.Release|Any CPU.ActiveCfg = Release|Any CPU
		{532E8BF5-5BD2-48EE-872A-FBDD505B7B59}.Release|Any CPU.Build.0 = Release|Any CPU
		{532E8BF5-5BD2-48EE-872A-FBDD505B7B59}.Release|x64.ActiveCfg = Release|Any CPU
		{532E8BF5-5BD2-48EE-872A-FBDD505B7B59}.Release|x64.Build.0 = Release|Any CPU
		{532E8BF5-5BD2-48EE-872A-FBDD505B7B59}.Release|x86.ActiveCfg = Release|Any CPU
		{532E8BF5-5BD2-48EE-872A-FBDD505B7B59}.Release|x86.Build.0 = Release|Any CPU
		{EE81EE4A-A38B-4B64-B6DD-26892246F7CB}.Debug|Any CPU.ActiveCfg = Debug|Any CPU
		{EE81EE4A-A38B-4B64-B6DD-26892246F7CB}.Debug|Any CPU.Build.0 = Debug|Any CPU
		{EE81EE4A-A38B-4B64-B6DD-26892246F7CB}.Debug|x64.ActiveCfg = Debug|Any CPU
		{EE81EE4A-A38B-4B64-B6DD-26892246F7CB}.Debug|x64.Build.0 = Debug|Any CPU
		{EE81EE4A-A38B-4B64-B6DD-26892246F7CB}.Debug|x86.ActiveCfg = Debug|Any CPU
		{EE81EE4A-A38B-4B64-B6DD-26892246F7CB}.Debug|x86.Build.0 = Debug|Any CPU
		{EE81EE4A-A38B-4B64-B6DD-26892246F7CB}.Release|Any CPU.ActiveCfg = Release|Any CPU
		{EE81EE4A-A38B-4B64-B6DD-26892246F7CB}.Release|Any CPU.Build.0 = Release|Any CPU
		{EE81EE4A-A38B-4B64-B6DD-26892246F7CB}.Release|x64.ActiveCfg = Release|Any CPU
		{EE81EE4A-A38B-4B64-B6DD-26892246F7CB}.Release|x64.Build.0 = Release|Any CPU
		{EE81EE4A-A38B-4B64-B6DD-26892246F7CB}.Release|x86.ActiveCfg = Release|Any CPU
		{EE81EE4A-A38B-4B64-B6DD-26892246F7CB}.Release|x86.Build.0 = Release|Any CPU
		{D4FBC5ED-6B75-44DC-A0FA-284E0C83923C}.Debug|Any CPU.ActiveCfg = Debug|Any CPU
		{D4FBC5ED-6B75-44DC-A0FA-284E0C83923C}.Debug|Any CPU.Build.0 = Debug|Any CPU
		{D4FBC5ED-6B75-44DC-A0FA-284E0C83923C}.Debug|x64.ActiveCfg = Debug|Any CPU
		{D4FBC5ED-6B75-44DC-A0FA-284E0C83923C}.Debug|x64.Build.0 = Debug|Any CPU
		{D4FBC5ED-6B75-44DC-A0FA-284E0C83923C}.Debug|x86.ActiveCfg = Debug|Any CPU
		{D4FBC5ED-6B75-44DC-A0FA-284E0C83923C}.Debug|x86.Build.0 = Debug|Any CPU
		{D4FBC5ED-6B75-44DC-A0FA-284E0C83923C}.Release|Any CPU.ActiveCfg = Release|Any CPU
		{D4FBC5ED-6B75-44DC-A0FA-284E0C83923C}.Release|Any CPU.Build.0 = Release|Any CPU
		{D4FBC5ED-6B75-44DC-A0FA-284E0C83923C}.Release|x64.ActiveCfg = Release|Any CPU
		{D4FBC5ED-6B75-44DC-A0FA-284E0C83923C}.Release|x64.Build.0 = Release|Any CPU
		{D4FBC5ED-6B75-44DC-A0FA-284E0C83923C}.Release|x86.ActiveCfg = Release|Any CPU
		{D4FBC5ED-6B75-44DC-A0FA-284E0C83923C}.Release|x86.Build.0 = Release|Any CPU
		{2BED0ACC-F592-4A85-9076-367A5F5E68ED}.Debug|Any CPU.ActiveCfg = Debug|Any CPU
		{2BED0ACC-F592-4A85-9076-367A5F5E68ED}.Debug|Any CPU.Build.0 = Debug|Any CPU
		{2BED0ACC-F592-4A85-9076-367A5F5E68ED}.Debug|x64.ActiveCfg = Debug|Any CPU
		{2BED0ACC-F592-4A85-9076-367A5F5E68ED}.Debug|x64.Build.0 = Debug|Any CPU
		{2BED0ACC-F592-4A85-9076-367A5F5E68ED}.Debug|x86.ActiveCfg = Debug|Any CPU
		{2BED0ACC-F592-4A85-9076-367A5F5E68ED}.Debug|x86.Build.0 = Debug|Any CPU
		{2BED0ACC-F592-4A85-9076-367A5F5E68ED}.Release|Any CPU.ActiveCfg = Release|Any CPU
		{2BED0ACC-F592-4A85-9076-367A5F5E68ED}.Release|Any CPU.Build.0 = Release|Any CPU
		{2BED0ACC-F592-4A85-9076-367A5F5E68ED}.Release|x64.ActiveCfg = Release|Any CPU
		{2BED0ACC-F592-4A85-9076-367A5F5E68ED}.Release|x64.Build.0 = Release|Any CPU
		{2BED0ACC-F592-4A85-9076-367A5F5E68ED}.Release|x86.ActiveCfg = Release|Any CPU
		{2BED0ACC-F592-4A85-9076-367A5F5E68ED}.Release|x86.Build.0 = Release|Any CPU
		{E5E9ABA1-B256-4A8C-8A4B-08CA9B119273}.Debug|Any CPU.ActiveCfg = Debug|Any CPU
		{E5E9ABA1-B256-4A8C-8A4B-08CA9B119273}.Debug|Any CPU.Build.0 = Debug|Any CPU
		{E5E9ABA1-B256-4A8C-8A4B-08CA9B119273}.Debug|x64.ActiveCfg = Debug|Any CPU
		{E5E9ABA1-B256-4A8C-8A4B-08CA9B119273}.Debug|x64.Build.0 = Debug|Any CPU
		{E5E9ABA1-B256-4A8C-8A4B-08CA9B119273}.Debug|x86.ActiveCfg = Debug|Any CPU
		{E5E9ABA1-B256-4A8C-8A4B-08CA9B119273}.Debug|x86.Build.0 = Debug|Any CPU
		{E5E9ABA1-B256-4A8C-8A4B-08CA9B119273}.Release|Any CPU.ActiveCfg = Release|Any CPU
		{E5E9ABA1-B256-4A8C-8A4B-08CA9B119273}.Release|Any CPU.Build.0 = Release|Any CPU
		{E5E9ABA1-B256-4A8C-8A4B-08CA9B119273}.Release|x64.ActiveCfg = Release|Any CPU
		{E5E9ABA1-B256-4A8C-8A4B-08CA9B119273}.Release|x64.Build.0 = Release|Any CPU
		{E5E9ABA1-B256-4A8C-8A4B-08CA9B119273}.Release|x86.ActiveCfg = Release|Any CPU
		{E5E9ABA1-B256-4A8C-8A4B-08CA9B119273}.Release|x86.Build.0 = Release|Any CPU
		{9D6D2232-9629-4050-BBB3-4340F26318EF}.Debug|Any CPU.ActiveCfg = Debug|Any CPU
		{9D6D2232-9629-4050-BBB3-4340F26318EF}.Debug|Any CPU.Build.0 = Debug|Any CPU
		{9D6D2232-9629-4050-BBB3-4340F26318EF}.Debug|x64.ActiveCfg = Debug|Any CPU
		{9D6D2232-9629-4050-BBB3-4340F26318EF}.Debug|x64.Build.0 = Debug|Any CPU
		{9D6D2232-9629-4050-BBB3-4340F26318EF}.Debug|x86.ActiveCfg = Debug|Any CPU
		{9D6D2232-9629-4050-BBB3-4340F26318EF}.Debug|x86.Build.0 = Debug|Any CPU
		{9D6D2232-9629-4050-BBB3-4340F26318EF}.Release|Any CPU.ActiveCfg = Release|Any CPU
		{9D6D2232-9629-4050-BBB3-4340F26318EF}.Release|Any CPU.Build.0 = Release|Any CPU
		{9D6D2232-9629-4050-BBB3-4340F26318EF}.Release|x64.ActiveCfg = Release|Any CPU
		{9D6D2232-9629-4050-BBB3-4340F26318EF}.Release|x64.Build.0 = Release|Any CPU
		{9D6D2232-9629-4050-BBB3-4340F26318EF}.Release|x86.ActiveCfg = Release|Any CPU
		{9D6D2232-9629-4050-BBB3-4340F26318EF}.Release|x86.Build.0 = Release|Any CPU
		{AE661273-C226-425B-88C0-DEF6DF68C6E8}.Debug|Any CPU.ActiveCfg = Debug|Any CPU
		{AE661273-C226-425B-88C0-DEF6DF68C6E8}.Debug|Any CPU.Build.0 = Debug|Any CPU
		{AE661273-C226-425B-88C0-DEF6DF68C6E8}.Debug|x64.ActiveCfg = Debug|Any CPU
		{AE661273-C226-425B-88C0-DEF6DF68C6E8}.Debug|x64.Build.0 = Debug|Any CPU
		{AE661273-C226-425B-88C0-DEF6DF68C6E8}.Debug|x86.ActiveCfg = Debug|Any CPU
		{AE661273-C226-425B-88C0-DEF6DF68C6E8}.Debug|x86.Build.0 = Debug|Any CPU
		{AE661273-C226-425B-88C0-DEF6DF68C6E8}.Release|Any CPU.ActiveCfg = Release|Any CPU
		{AE661273-C226-425B-88C0-DEF6DF68C6E8}.Release|Any CPU.Build.0 = Release|Any CPU
		{AE661273-C226-425B-88C0-DEF6DF68C6E8}.Release|x64.ActiveCfg = Release|Any CPU
		{AE661273-C226-425B-88C0-DEF6DF68C6E8}.Release|x64.Build.0 = Release|Any CPU
		{AE661273-C226-425B-88C0-DEF6DF68C6E8}.Release|x86.ActiveCfg = Release|Any CPU
		{AE661273-C226-425B-88C0-DEF6DF68C6E8}.Release|x86.Build.0 = Release|Any CPU
		{59470C44-A323-46BA-BEE7-19AC38D976E8}.Debug|Any CPU.ActiveCfg = Debug|Any CPU
		{59470C44-A323-46BA-BEE7-19AC38D976E8}.Debug|Any CPU.Build.0 = Debug|Any CPU
		{59470C44-A323-46BA-BEE7-19AC38D976E8}.Debug|x64.ActiveCfg = Debug|Any CPU
		{59470C44-A323-46BA-BEE7-19AC38D976E8}.Debug|x64.Build.0 = Debug|Any CPU
		{59470C44-A323-46BA-BEE7-19AC38D976E8}.Debug|x86.ActiveCfg = Debug|Any CPU
		{59470C44-A323-46BA-BEE7-19AC38D976E8}.Debug|x86.Build.0 = Debug|Any CPU
		{59470C44-A323-46BA-BEE7-19AC38D976E8}.Release|Any CPU.ActiveCfg = Release|Any CPU
		{59470C44-A323-46BA-BEE7-19AC38D976E8}.Release|Any CPU.Build.0 = Release|Any CPU
		{59470C44-A323-46BA-BEE7-19AC38D976E8}.Release|x64.ActiveCfg = Release|Any CPU
		{59470C44-A323-46BA-BEE7-19AC38D976E8}.Release|x64.Build.0 = Release|Any CPU
		{59470C44-A323-46BA-BEE7-19AC38D976E8}.Release|x86.ActiveCfg = Release|Any CPU
		{59470C44-A323-46BA-BEE7-19AC38D976E8}.Release|x86.Build.0 = Release|Any CPU
		{DF29AE7E-C2C7-47D5-B812-C486C19FCD57}.Debug|Any CPU.ActiveCfg = Debug|Any CPU
		{DF29AE7E-C2C7-47D5-B812-C486C19FCD57}.Debug|Any CPU.Build.0 = Debug|Any CPU
		{DF29AE7E-C2C7-47D5-B812-C486C19FCD57}.Debug|x64.ActiveCfg = Debug|Any CPU
		{DF29AE7E-C2C7-47D5-B812-C486C19FCD57}.Debug|x64.Build.0 = Debug|Any CPU
		{DF29AE7E-C2C7-47D5-B812-C486C19FCD57}.Debug|x86.ActiveCfg = Debug|Any CPU
		{DF29AE7E-C2C7-47D5-B812-C486C19FCD57}.Debug|x86.Build.0 = Debug|Any CPU
		{DF29AE7E-C2C7-47D5-B812-C486C19FCD57}.Release|Any CPU.ActiveCfg = Release|Any CPU
		{DF29AE7E-C2C7-47D5-B812-C486C19FCD57}.Release|Any CPU.Build.0 = Release|Any CPU
		{DF29AE7E-C2C7-47D5-B812-C486C19FCD57}.Release|x64.ActiveCfg = Release|Any CPU
		{DF29AE7E-C2C7-47D5-B812-C486C19FCD57}.Release|x64.Build.0 = Release|Any CPU
		{DF29AE7E-C2C7-47D5-B812-C486C19FCD57}.Release|x86.ActiveCfg = Release|Any CPU
		{DF29AE7E-C2C7-47D5-B812-C486C19FCD57}.Release|x86.Build.0 = Release|Any CPU
		{384E9B1F-29B1-4F32-BE4C-DECE868633CE}.Debug|Any CPU.ActiveCfg = Debug|Any CPU
		{384E9B1F-29B1-4F32-BE4C-DECE868633CE}.Debug|Any CPU.Build.0 = Debug|Any CPU
		{384E9B1F-29B1-4F32-BE4C-DECE868633CE}.Debug|x64.ActiveCfg = Debug|Any CPU
		{384E9B1F-29B1-4F32-BE4C-DECE868633CE}.Debug|x64.Build.0 = Debug|Any CPU
		{384E9B1F-29B1-4F32-BE4C-DECE868633CE}.Debug|x86.ActiveCfg = Debug|Any CPU
		{384E9B1F-29B1-4F32-BE4C-DECE868633CE}.Debug|x86.Build.0 = Debug|Any CPU
		{384E9B1F-29B1-4F32-BE4C-DECE868633CE}.Release|Any CPU.ActiveCfg = Release|Any CPU
		{384E9B1F-29B1-4F32-BE4C-DECE868633CE}.Release|Any CPU.Build.0 = Release|Any CPU
		{384E9B1F-29B1-4F32-BE4C-DECE868633CE}.Release|x64.ActiveCfg = Release|Any CPU
		{384E9B1F-29B1-4F32-BE4C-DECE868633CE}.Release|x64.Build.0 = Release|Any CPU
		{384E9B1F-29B1-4F32-BE4C-DECE868633CE}.Release|x86.ActiveCfg = Release|Any CPU
		{384E9B1F-29B1-4F32-BE4C-DECE868633CE}.Release|x86.Build.0 = Release|Any CPU
		{CF86B08E-288F-458B-8A34-420722C523D3}.Debug|Any CPU.ActiveCfg = Debug|Any CPU
		{CF86B08E-288F-458B-8A34-420722C523D3}.Debug|Any CPU.Build.0 = Debug|Any CPU
		{CF86B08E-288F-458B-8A34-420722C523D3}.Debug|x64.ActiveCfg = Debug|Any CPU
		{CF86B08E-288F-458B-8A34-420722C523D3}.Debug|x64.Build.0 = Debug|Any CPU
		{CF86B08E-288F-458B-8A34-420722C523D3}.Debug|x86.ActiveCfg = Debug|Any CPU
		{CF86B08E-288F-458B-8A34-420722C523D3}.Debug|x86.Build.0 = Debug|Any CPU
		{CF86B08E-288F-458B-8A34-420722C523D3}.Release|Any CPU.ActiveCfg = Release|Any CPU
		{CF86B08E-288F-458B-8A34-420722C523D3}.Release|Any CPU.Build.0 = Release|Any CPU
		{CF86B08E-288F-458B-8A34-420722C523D3}.Release|x64.ActiveCfg = Release|Any CPU
		{CF86B08E-288F-458B-8A34-420722C523D3}.Release|x64.Build.0 = Release|Any CPU
		{CF86B08E-288F-458B-8A34-420722C523D3}.Release|x86.ActiveCfg = Release|Any CPU
		{CF86B08E-288F-458B-8A34-420722C523D3}.Release|x86.Build.0 = Release|Any CPU
		{2DD3EB26-BD96-4CDF-916A-B2D99B1C1C57}.Debug|Any CPU.ActiveCfg = Debug|Any CPU
		{2DD3EB26-BD96-4CDF-916A-B2D99B1C1C57}.Debug|Any CPU.Build.0 = Debug|Any CPU
		{2DD3EB26-BD96-4CDF-916A-B2D99B1C1C57}.Debug|x64.ActiveCfg = Debug|Any CPU
		{2DD3EB26-BD96-4CDF-916A-B2D99B1C1C57}.Debug|x64.Build.0 = Debug|Any CPU
		{2DD3EB26-BD96-4CDF-916A-B2D99B1C1C57}.Debug|x86.ActiveCfg = Debug|Any CPU
		{2DD3EB26-BD96-4CDF-916A-B2D99B1C1C57}.Debug|x86.Build.0 = Debug|Any CPU
		{2DD3EB26-BD96-4CDF-916A-B2D99B1C1C57}.Release|Any CPU.ActiveCfg = Release|Any CPU
		{2DD3EB26-BD96-4CDF-916A-B2D99B1C1C57}.Release|Any CPU.Build.0 = Release|Any CPU
		{2DD3EB26-BD96-4CDF-916A-B2D99B1C1C57}.Release|x64.ActiveCfg = Release|Any CPU
		{2DD3EB26-BD96-4CDF-916A-B2D99B1C1C57}.Release|x64.Build.0 = Release|Any CPU
		{2DD3EB26-BD96-4CDF-916A-B2D99B1C1C57}.Release|x86.ActiveCfg = Release|Any CPU
		{2DD3EB26-BD96-4CDF-916A-B2D99B1C1C57}.Release|x86.Build.0 = Release|Any CPU
		{50B69B39-192D-4752-AFBA-1DE92EF2060B}.Debug|Any CPU.ActiveCfg = Debug|Any CPU
		{50B69B39-192D-4752-AFBA-1DE92EF2060B}.Debug|Any CPU.Build.0 = Debug|Any CPU
		{50B69B39-192D-4752-AFBA-1DE92EF2060B}.Debug|x64.ActiveCfg = Debug|Any CPU
		{50B69B39-192D-4752-AFBA-1DE92EF2060B}.Debug|x64.Build.0 = Debug|Any CPU
		{50B69B39-192D-4752-AFBA-1DE92EF2060B}.Debug|x86.ActiveCfg = Debug|Any CPU
		{50B69B39-192D-4752-AFBA-1DE92EF2060B}.Debug|x86.Build.0 = Debug|Any CPU
		{50B69B39-192D-4752-AFBA-1DE92EF2060B}.Release|Any CPU.ActiveCfg = Release|Any CPU
		{50B69B39-192D-4752-AFBA-1DE92EF2060B}.Release|Any CPU.Build.0 = Release|Any CPU
		{50B69B39-192D-4752-AFBA-1DE92EF2060B}.Release|x64.ActiveCfg = Release|Any CPU
		{50B69B39-192D-4752-AFBA-1DE92EF2060B}.Release|x64.Build.0 = Release|Any CPU
		{50B69B39-192D-4752-AFBA-1DE92EF2060B}.Release|x86.ActiveCfg = Release|Any CPU
		{50B69B39-192D-4752-AFBA-1DE92EF2060B}.Release|x86.Build.0 = Release|Any CPU
		{9EC50813-29B1-4E1A-A622-2A055B4EC452}.Debug|Any CPU.ActiveCfg = Debug|Any CPU
		{9EC50813-29B1-4E1A-A622-2A055B4EC452}.Debug|Any CPU.Build.0 = Debug|Any CPU
		{9EC50813-29B1-4E1A-A622-2A055B4EC452}.Debug|x64.ActiveCfg = Debug|Any CPU
		{9EC50813-29B1-4E1A-A622-2A055B4EC452}.Debug|x64.Build.0 = Debug|Any CPU
		{9EC50813-29B1-4E1A-A622-2A055B4EC452}.Debug|x86.ActiveCfg = Debug|Any CPU
		{9EC50813-29B1-4E1A-A622-2A055B4EC452}.Debug|x86.Build.0 = Debug|Any CPU
		{9EC50813-29B1-4E1A-A622-2A055B4EC452}.Release|Any CPU.ActiveCfg = Release|Any CPU
		{9EC50813-29B1-4E1A-A622-2A055B4EC452}.Release|Any CPU.Build.0 = Release|Any CPU
		{9EC50813-29B1-4E1A-A622-2A055B4EC452}.Release|x64.ActiveCfg = Release|Any CPU
		{9EC50813-29B1-4E1A-A622-2A055B4EC452}.Release|x64.Build.0 = Release|Any CPU
		{9EC50813-29B1-4E1A-A622-2A055B4EC452}.Release|x86.ActiveCfg = Release|Any CPU
		{9EC50813-29B1-4E1A-A622-2A055B4EC452}.Release|x86.Build.0 = Release|Any CPU
		{41635875-D910-4E5A-830D-424EEE02EF76}.Debug|Any CPU.ActiveCfg = Debug|Any CPU
		{41635875-D910-4E5A-830D-424EEE02EF76}.Debug|Any CPU.Build.0 = Debug|Any CPU
		{41635875-D910-4E5A-830D-424EEE02EF76}.Debug|x64.ActiveCfg = Debug|Any CPU
		{41635875-D910-4E5A-830D-424EEE02EF76}.Debug|x64.Build.0 = Debug|Any CPU
		{41635875-D910-4E5A-830D-424EEE02EF76}.Debug|x86.ActiveCfg = Debug|Any CPU
		{41635875-D910-4E5A-830D-424EEE02EF76}.Debug|x86.Build.0 = Debug|Any CPU
		{41635875-D910-4E5A-830D-424EEE02EF76}.Release|Any CPU.ActiveCfg = Release|Any CPU
		{41635875-D910-4E5A-830D-424EEE02EF76}.Release|Any CPU.Build.0 = Release|Any CPU
		{41635875-D910-4E5A-830D-424EEE02EF76}.Release|x64.ActiveCfg = Release|Any CPU
		{41635875-D910-4E5A-830D-424EEE02EF76}.Release|x64.Build.0 = Release|Any CPU
		{41635875-D910-4E5A-830D-424EEE02EF76}.Release|x86.ActiveCfg = Release|Any CPU
		{41635875-D910-4E5A-830D-424EEE02EF76}.Release|x86.Build.0 = Release|Any CPU
		{8318A858-1615-4393-9295-8F188080DFD9}.Debug|Any CPU.ActiveCfg = Debug|Any CPU
		{8318A858-1615-4393-9295-8F188080DFD9}.Debug|Any CPU.Build.0 = Debug|Any CPU
		{8318A858-1615-4393-9295-8F188080DFD9}.Debug|x64.ActiveCfg = Debug|Any CPU
		{8318A858-1615-4393-9295-8F188080DFD9}.Debug|x64.Build.0 = Debug|Any CPU
		{8318A858-1615-4393-9295-8F188080DFD9}.Debug|x86.ActiveCfg = Debug|Any CPU
		{8318A858-1615-4393-9295-8F188080DFD9}.Debug|x86.Build.0 = Debug|Any CPU
		{8318A858-1615-4393-9295-8F188080DFD9}.Release|Any CPU.ActiveCfg = Release|Any CPU
		{8318A858-1615-4393-9295-8F188080DFD9}.Release|Any CPU.Build.0 = Release|Any CPU
		{8318A858-1615-4393-9295-8F188080DFD9}.Release|x64.ActiveCfg = Release|Any CPU
		{8318A858-1615-4393-9295-8F188080DFD9}.Release|x64.Build.0 = Release|Any CPU
		{8318A858-1615-4393-9295-8F188080DFD9}.Release|x86.ActiveCfg = Release|Any CPU
		{8318A858-1615-4393-9295-8F188080DFD9}.Release|x86.Build.0 = Release|Any CPU
		{B790B2CA-9E12-4EDF-B049-B0A611B2D60C}.Debug|Any CPU.ActiveCfg = Debug|Any CPU
		{B790B2CA-9E12-4EDF-B049-B0A611B2D60C}.Debug|Any CPU.Build.0 = Debug|Any CPU
		{B790B2CA-9E12-4EDF-B049-B0A611B2D60C}.Debug|x64.ActiveCfg = Debug|Any CPU
		{B790B2CA-9E12-4EDF-B049-B0A611B2D60C}.Debug|x64.Build.0 = Debug|Any CPU
		{B790B2CA-9E12-4EDF-B049-B0A611B2D60C}.Debug|x86.ActiveCfg = Debug|Any CPU
		{B790B2CA-9E12-4EDF-B049-B0A611B2D60C}.Debug|x86.Build.0 = Debug|Any CPU
		{B790B2CA-9E12-4EDF-B049-B0A611B2D60C}.Release|Any CPU.ActiveCfg = Release|Any CPU
		{B790B2CA-9E12-4EDF-B049-B0A611B2D60C}.Release|Any CPU.Build.0 = Release|Any CPU
		{B790B2CA-9E12-4EDF-B049-B0A611B2D60C}.Release|x64.ActiveCfg = Release|Any CPU
		{B790B2CA-9E12-4EDF-B049-B0A611B2D60C}.Release|x64.Build.0 = Release|Any CPU
		{B790B2CA-9E12-4EDF-B049-B0A611B2D60C}.Release|x86.ActiveCfg = Release|Any CPU
		{B790B2CA-9E12-4EDF-B049-B0A611B2D60C}.Release|x86.Build.0 = Release|Any CPU
		{C646C7CC-09E2-40B1-8848-87D0B7813BCE}.Debug|Any CPU.ActiveCfg = Debug|Any CPU
		{C646C7CC-09E2-40B1-8848-87D0B7813BCE}.Debug|Any CPU.Build.0 = Debug|Any CPU
		{C646C7CC-09E2-40B1-8848-87D0B7813BCE}.Debug|x64.ActiveCfg = Debug|Any CPU
		{C646C7CC-09E2-40B1-8848-87D0B7813BCE}.Debug|x64.Build.0 = Debug|Any CPU
		{C646C7CC-09E2-40B1-8848-87D0B7813BCE}.Debug|x86.ActiveCfg = Debug|Any CPU
		{C646C7CC-09E2-40B1-8848-87D0B7813BCE}.Debug|x86.Build.0 = Debug|Any CPU
		{C646C7CC-09E2-40B1-8848-87D0B7813BCE}.Release|Any CPU.ActiveCfg = Release|Any CPU
		{C646C7CC-09E2-40B1-8848-87D0B7813BCE}.Release|Any CPU.Build.0 = Release|Any CPU
		{C646C7CC-09E2-40B1-8848-87D0B7813BCE}.Release|x64.ActiveCfg = Release|Any CPU
		{C646C7CC-09E2-40B1-8848-87D0B7813BCE}.Release|x64.Build.0 = Release|Any CPU
		{C646C7CC-09E2-40B1-8848-87D0B7813BCE}.Release|x86.ActiveCfg = Release|Any CPU
		{C646C7CC-09E2-40B1-8848-87D0B7813BCE}.Release|x86.Build.0 = Release|Any CPU
		{C5DDB061-9AFD-4BA2-BE4B-184908F4723F}.Debug|Any CPU.ActiveCfg = Debug|Any CPU
		{C5DDB061-9AFD-4BA2-BE4B-184908F4723F}.Debug|Any CPU.Build.0 = Debug|Any CPU
		{C5DDB061-9AFD-4BA2-BE4B-184908F4723F}.Debug|x64.ActiveCfg = Debug|Any CPU
		{C5DDB061-9AFD-4BA2-BE4B-184908F4723F}.Debug|x64.Build.0 = Debug|Any CPU
		{C5DDB061-9AFD-4BA2-BE4B-184908F4723F}.Debug|x86.ActiveCfg = Debug|Any CPU
		{C5DDB061-9AFD-4BA2-BE4B-184908F4723F}.Debug|x86.Build.0 = Debug|Any CPU
		{C5DDB061-9AFD-4BA2-BE4B-184908F4723F}.Release|Any CPU.ActiveCfg = Release|Any CPU
		{C5DDB061-9AFD-4BA2-BE4B-184908F4723F}.Release|Any CPU.Build.0 = Release|Any CPU
		{C5DDB061-9AFD-4BA2-BE4B-184908F4723F}.Release|x64.ActiveCfg = Release|Any CPU
		{C5DDB061-9AFD-4BA2-BE4B-184908F4723F}.Release|x64.Build.0 = Release|Any CPU
		{C5DDB061-9AFD-4BA2-BE4B-184908F4723F}.Release|x86.ActiveCfg = Release|Any CPU
		{C5DDB061-9AFD-4BA2-BE4B-184908F4723F}.Release|x86.Build.0 = Release|Any CPU
		{DFB94795-B110-41DF-A582-7C593049DE8F}.Debug|Any CPU.ActiveCfg = Debug|Any CPU
		{DFB94795-B110-41DF-A582-7C593049DE8F}.Debug|Any CPU.Build.0 = Debug|Any CPU
		{DFB94795-B110-41DF-A582-7C593049DE8F}.Debug|x64.ActiveCfg = Debug|Any CPU
		{DFB94795-B110-41DF-A582-7C593049DE8F}.Debug|x64.Build.0 = Debug|Any CPU
		{DFB94795-B110-41DF-A582-7C593049DE8F}.Debug|x86.ActiveCfg = Debug|Any CPU
		{DFB94795-B110-41DF-A582-7C593049DE8F}.Debug|x86.Build.0 = Debug|Any CPU
		{DFB94795-B110-41DF-A582-7C593049DE8F}.Release|Any CPU.ActiveCfg = Release|Any CPU
		{DFB94795-B110-41DF-A582-7C593049DE8F}.Release|Any CPU.Build.0 = Release|Any CPU
		{DFB94795-B110-41DF-A582-7C593049DE8F}.Release|x64.ActiveCfg = Release|Any CPU
		{DFB94795-B110-41DF-A582-7C593049DE8F}.Release|x64.Build.0 = Release|Any CPU
		{DFB94795-B110-41DF-A582-7C593049DE8F}.Release|x86.ActiveCfg = Release|Any CPU
		{DFB94795-B110-41DF-A582-7C593049DE8F}.Release|x86.Build.0 = Release|Any CPU
		{1E155D49-0469-4D55-8F21-8D5836CF4DAE}.Debug|Any CPU.ActiveCfg = Debug|Any CPU
		{1E155D49-0469-4D55-8F21-8D5836CF4DAE}.Debug|Any CPU.Build.0 = Debug|Any CPU
		{1E155D49-0469-4D55-8F21-8D5836CF4DAE}.Debug|x64.ActiveCfg = Debug|Any CPU
		{1E155D49-0469-4D55-8F21-8D5836CF4DAE}.Debug|x64.Build.0 = Debug|Any CPU
		{1E155D49-0469-4D55-8F21-8D5836CF4DAE}.Debug|x86.ActiveCfg = Debug|Any CPU
		{1E155D49-0469-4D55-8F21-8D5836CF4DAE}.Debug|x86.Build.0 = Debug|Any CPU
		{1E155D49-0469-4D55-8F21-8D5836CF4DAE}.Release|Any CPU.ActiveCfg = Release|Any CPU
		{1E155D49-0469-4D55-8F21-8D5836CF4DAE}.Release|Any CPU.Build.0 = Release|Any CPU
		{1E155D49-0469-4D55-8F21-8D5836CF4DAE}.Release|x64.ActiveCfg = Release|Any CPU
		{1E155D49-0469-4D55-8F21-8D5836CF4DAE}.Release|x64.Build.0 = Release|Any CPU
		{1E155D49-0469-4D55-8F21-8D5836CF4DAE}.Release|x86.ActiveCfg = Release|Any CPU
		{1E155D49-0469-4D55-8F21-8D5836CF4DAE}.Release|x86.Build.0 = Release|Any CPU
		{10B4648D-F540-438E-A646-0E316FC19C29}.Debug|Any CPU.ActiveCfg = Debug|Any CPU
		{10B4648D-F540-438E-A646-0E316FC19C29}.Debug|Any CPU.Build.0 = Debug|Any CPU
		{10B4648D-F540-438E-A646-0E316FC19C29}.Debug|x64.ActiveCfg = Debug|Any CPU
		{10B4648D-F540-438E-A646-0E316FC19C29}.Debug|x64.Build.0 = Debug|Any CPU
		{10B4648D-F540-438E-A646-0E316FC19C29}.Debug|x86.ActiveCfg = Debug|Any CPU
		{10B4648D-F540-438E-A646-0E316FC19C29}.Debug|x86.Build.0 = Debug|Any CPU
		{10B4648D-F540-438E-A646-0E316FC19C29}.Release|Any CPU.ActiveCfg = Release|Any CPU
		{10B4648D-F540-438E-A646-0E316FC19C29}.Release|Any CPU.Build.0 = Release|Any CPU
		{10B4648D-F540-438E-A646-0E316FC19C29}.Release|x64.ActiveCfg = Release|Any CPU
		{10B4648D-F540-438E-A646-0E316FC19C29}.Release|x64.Build.0 = Release|Any CPU
		{10B4648D-F540-438E-A646-0E316FC19C29}.Release|x86.ActiveCfg = Release|Any CPU
		{10B4648D-F540-438E-A646-0E316FC19C29}.Release|x86.Build.0 = Release|Any CPU
		{B4EFE3EB-6269-416B-BE7C-3E842587DD06}.Debug|Any CPU.ActiveCfg = Debug|Any CPU
		{B4EFE3EB-6269-416B-BE7C-3E842587DD06}.Debug|Any CPU.Build.0 = Debug|Any CPU
		{B4EFE3EB-6269-416B-BE7C-3E842587DD06}.Debug|x64.ActiveCfg = Debug|Any CPU
		{B4EFE3EB-6269-416B-BE7C-3E842587DD06}.Debug|x64.Build.0 = Debug|Any CPU
		{B4EFE3EB-6269-416B-BE7C-3E842587DD06}.Debug|x86.ActiveCfg = Debug|Any CPU
		{B4EFE3EB-6269-416B-BE7C-3E842587DD06}.Debug|x86.Build.0 = Debug|Any CPU
		{B4EFE3EB-6269-416B-BE7C-3E842587DD06}.Release|Any CPU.ActiveCfg = Release|Any CPU
		{B4EFE3EB-6269-416B-BE7C-3E842587DD06}.Release|Any CPU.Build.0 = Release|Any CPU
		{B4EFE3EB-6269-416B-BE7C-3E842587DD06}.Release|x64.ActiveCfg = Release|Any CPU
		{B4EFE3EB-6269-416B-BE7C-3E842587DD06}.Release|x64.Build.0 = Release|Any CPU
		{B4EFE3EB-6269-416B-BE7C-3E842587DD06}.Release|x86.ActiveCfg = Release|Any CPU
		{B4EFE3EB-6269-416B-BE7C-3E842587DD06}.Release|x86.Build.0 = Release|Any CPU
		{8BD84D1C-D0ED-4130-AD01-204C1ADA003E}.Debug|Any CPU.ActiveCfg = Debug|Any CPU
		{8BD84D1C-D0ED-4130-AD01-204C1ADA003E}.Debug|Any CPU.Build.0 = Debug|Any CPU
		{8BD84D1C-D0ED-4130-AD01-204C1ADA003E}.Debug|x64.ActiveCfg = Debug|Any CPU
		{8BD84D1C-D0ED-4130-AD01-204C1ADA003E}.Debug|x64.Build.0 = Debug|Any CPU
		{8BD84D1C-D0ED-4130-AD01-204C1ADA003E}.Debug|x86.ActiveCfg = Debug|Any CPU
		{8BD84D1C-D0ED-4130-AD01-204C1ADA003E}.Debug|x86.Build.0 = Debug|Any CPU
		{8BD84D1C-D0ED-4130-AD01-204C1ADA003E}.Release|Any CPU.ActiveCfg = Release|Any CPU
		{8BD84D1C-D0ED-4130-AD01-204C1ADA003E}.Release|Any CPU.Build.0 = Release|Any CPU
		{8BD84D1C-D0ED-4130-AD01-204C1ADA003E}.Release|x64.ActiveCfg = Release|Any CPU
		{8BD84D1C-D0ED-4130-AD01-204C1ADA003E}.Release|x64.Build.0 = Release|Any CPU
		{8BD84D1C-D0ED-4130-AD01-204C1ADA003E}.Release|x86.ActiveCfg = Release|Any CPU
		{8BD84D1C-D0ED-4130-AD01-204C1ADA003E}.Release|x86.Build.0 = Release|Any CPU
		{B378D570-AEC9-462E-A988-06F74D719392}.Debug|Any CPU.ActiveCfg = Debug|Any CPU
		{B378D570-AEC9-462E-A988-06F74D719392}.Debug|Any CPU.Build.0 = Debug|Any CPU
		{B378D570-AEC9-462E-A988-06F74D719392}.Debug|x64.ActiveCfg = Debug|Any CPU
		{B378D570-AEC9-462E-A988-06F74D719392}.Debug|x64.Build.0 = Debug|Any CPU
		{B378D570-AEC9-462E-A988-06F74D719392}.Debug|x86.ActiveCfg = Debug|Any CPU
		{B378D570-AEC9-462E-A988-06F74D719392}.Debug|x86.Build.0 = Debug|Any CPU
		{B378D570-AEC9-462E-A988-06F74D719392}.Release|Any CPU.ActiveCfg = Release|Any CPU
		{B378D570-AEC9-462E-A988-06F74D719392}.Release|Any CPU.Build.0 = Release|Any CPU
		{B378D570-AEC9-462E-A988-06F74D719392}.Release|x64.ActiveCfg = Release|Any CPU
		{B378D570-AEC9-462E-A988-06F74D719392}.Release|x64.Build.0 = Release|Any CPU
		{B378D570-AEC9-462E-A988-06F74D719392}.Release|x86.ActiveCfg = Release|Any CPU
		{B378D570-AEC9-462E-A988-06F74D719392}.Release|x86.Build.0 = Release|Any CPU
		{E3995CCC-59DC-43B6-96B0-6AC3C73E0FAB}.Debug|Any CPU.ActiveCfg = Debug|Any CPU
		{E3995CCC-59DC-43B6-96B0-6AC3C73E0FAB}.Debug|Any CPU.Build.0 = Debug|Any CPU
		{E3995CCC-59DC-43B6-96B0-6AC3C73E0FAB}.Debug|x64.ActiveCfg = Debug|Any CPU
		{E3995CCC-59DC-43B6-96B0-6AC3C73E0FAB}.Debug|x64.Build.0 = Debug|Any CPU
		{E3995CCC-59DC-43B6-96B0-6AC3C73E0FAB}.Debug|x86.ActiveCfg = Debug|Any CPU
		{E3995CCC-59DC-43B6-96B0-6AC3C73E0FAB}.Debug|x86.Build.0 = Debug|Any CPU
		{E3995CCC-59DC-43B6-96B0-6AC3C73E0FAB}.Release|Any CPU.ActiveCfg = Release|Any CPU
		{E3995CCC-59DC-43B6-96B0-6AC3C73E0FAB}.Release|Any CPU.Build.0 = Release|Any CPU
		{E3995CCC-59DC-43B6-96B0-6AC3C73E0FAB}.Release|x64.ActiveCfg = Release|Any CPU
		{E3995CCC-59DC-43B6-96B0-6AC3C73E0FAB}.Release|x64.Build.0 = Release|Any CPU
		{E3995CCC-59DC-43B6-96B0-6AC3C73E0FAB}.Release|x86.ActiveCfg = Release|Any CPU
		{E3995CCC-59DC-43B6-96B0-6AC3C73E0FAB}.Release|x86.Build.0 = Release|Any CPU
		{E193645A-BBF6-4271-9E39-B299151C314F}.Debug|Any CPU.ActiveCfg = Debug|Any CPU
		{E193645A-BBF6-4271-9E39-B299151C314F}.Debug|Any CPU.Build.0 = Debug|Any CPU
		{E193645A-BBF6-4271-9E39-B299151C314F}.Debug|x64.ActiveCfg = Debug|Any CPU
		{E193645A-BBF6-4271-9E39-B299151C314F}.Debug|x64.Build.0 = Debug|Any CPU
		{E193645A-BBF6-4271-9E39-B299151C314F}.Debug|x86.ActiveCfg = Debug|Any CPU
		{E193645A-BBF6-4271-9E39-B299151C314F}.Debug|x86.Build.0 = Debug|Any CPU
		{E193645A-BBF6-4271-9E39-B299151C314F}.Release|Any CPU.ActiveCfg = Release|Any CPU
		{E193645A-BBF6-4271-9E39-B299151C314F}.Release|Any CPU.Build.0 = Release|Any CPU
		{E193645A-BBF6-4271-9E39-B299151C314F}.Release|x64.ActiveCfg = Release|Any CPU
		{E193645A-BBF6-4271-9E39-B299151C314F}.Release|x64.Build.0 = Release|Any CPU
		{E193645A-BBF6-4271-9E39-B299151C314F}.Release|x86.ActiveCfg = Release|Any CPU
		{E193645A-BBF6-4271-9E39-B299151C314F}.Release|x86.Build.0 = Release|Any CPU
		{13122B16-5988-4526-B365-05F9A7F2770D}.Debug|Any CPU.ActiveCfg = Debug|Any CPU
		{13122B16-5988-4526-B365-05F9A7F2770D}.Debug|Any CPU.Build.0 = Debug|Any CPU
		{13122B16-5988-4526-B365-05F9A7F2770D}.Debug|x64.ActiveCfg = Debug|Any CPU
		{13122B16-5988-4526-B365-05F9A7F2770D}.Debug|x64.Build.0 = Debug|Any CPU
		{13122B16-5988-4526-B365-05F9A7F2770D}.Debug|x86.ActiveCfg = Debug|Any CPU
		{13122B16-5988-4526-B365-05F9A7F2770D}.Debug|x86.Build.0 = Debug|Any CPU
		{13122B16-5988-4526-B365-05F9A7F2770D}.Release|Any CPU.ActiveCfg = Release|Any CPU
		{13122B16-5988-4526-B365-05F9A7F2770D}.Release|Any CPU.Build.0 = Release|Any CPU
		{13122B16-5988-4526-B365-05F9A7F2770D}.Release|x64.ActiveCfg = Release|Any CPU
		{13122B16-5988-4526-B365-05F9A7F2770D}.Release|x64.Build.0 = Release|Any CPU
		{13122B16-5988-4526-B365-05F9A7F2770D}.Release|x86.ActiveCfg = Release|Any CPU
		{13122B16-5988-4526-B365-05F9A7F2770D}.Release|x86.Build.0 = Release|Any CPU
		{77010986-B3F9-4A1F-B808-B502BE573C33}.Debug|Any CPU.ActiveCfg = Debug|Any CPU
		{77010986-B3F9-4A1F-B808-B502BE573C33}.Debug|Any CPU.Build.0 = Debug|Any CPU
		{77010986-B3F9-4A1F-B808-B502BE573C33}.Debug|x64.ActiveCfg = Debug|Any CPU
		{77010986-B3F9-4A1F-B808-B502BE573C33}.Debug|x64.Build.0 = Debug|Any CPU
		{77010986-B3F9-4A1F-B808-B502BE573C33}.Debug|x86.ActiveCfg = Debug|Any CPU
		{77010986-B3F9-4A1F-B808-B502BE573C33}.Debug|x86.Build.0 = Debug|Any CPU
		{77010986-B3F9-4A1F-B808-B502BE573C33}.Release|Any CPU.ActiveCfg = Release|Any CPU
		{77010986-B3F9-4A1F-B808-B502BE573C33}.Release|Any CPU.Build.0 = Release|Any CPU
		{77010986-B3F9-4A1F-B808-B502BE573C33}.Release|x64.ActiveCfg = Release|Any CPU
		{77010986-B3F9-4A1F-B808-B502BE573C33}.Release|x64.Build.0 = Release|Any CPU
		{77010986-B3F9-4A1F-B808-B502BE573C33}.Release|x86.ActiveCfg = Release|Any CPU
		{77010986-B3F9-4A1F-B808-B502BE573C33}.Release|x86.Build.0 = Release|Any CPU
		{E1D0E3E5-AF04-41D5-BD60-97DC5135AE6E}.Debug|Any CPU.ActiveCfg = Debug|Any CPU
		{E1D0E3E5-AF04-41D5-BD60-97DC5135AE6E}.Debug|Any CPU.Build.0 = Debug|Any CPU
		{E1D0E3E5-AF04-41D5-BD60-97DC5135AE6E}.Debug|x64.ActiveCfg = Debug|Any CPU
		{E1D0E3E5-AF04-41D5-BD60-97DC5135AE6E}.Debug|x64.Build.0 = Debug|Any CPU
		{E1D0E3E5-AF04-41D5-BD60-97DC5135AE6E}.Debug|x86.ActiveCfg = Debug|Any CPU
		{E1D0E3E5-AF04-41D5-BD60-97DC5135AE6E}.Debug|x86.Build.0 = Debug|Any CPU
		{E1D0E3E5-AF04-41D5-BD60-97DC5135AE6E}.Release|Any CPU.ActiveCfg = Release|Any CPU
		{E1D0E3E5-AF04-41D5-BD60-97DC5135AE6E}.Release|Any CPU.Build.0 = Release|Any CPU
		{E1D0E3E5-AF04-41D5-BD60-97DC5135AE6E}.Release|x64.ActiveCfg = Release|Any CPU
		{E1D0E3E5-AF04-41D5-BD60-97DC5135AE6E}.Release|x64.Build.0 = Release|Any CPU
		{E1D0E3E5-AF04-41D5-BD60-97DC5135AE6E}.Release|x86.ActiveCfg = Release|Any CPU
		{E1D0E3E5-AF04-41D5-BD60-97DC5135AE6E}.Release|x86.Build.0 = Release|Any CPU
		{35E79EA5-28EC-4ACB-8740-B25CB828D7D5}.Debug|Any CPU.ActiveCfg = Debug|Any CPU
		{35E79EA5-28EC-4ACB-8740-B25CB828D7D5}.Debug|Any CPU.Build.0 = Debug|Any CPU
		{35E79EA5-28EC-4ACB-8740-B25CB828D7D5}.Debug|x64.ActiveCfg = Debug|Any CPU
		{35E79EA5-28EC-4ACB-8740-B25CB828D7D5}.Debug|x64.Build.0 = Debug|Any CPU
		{35E79EA5-28EC-4ACB-8740-B25CB828D7D5}.Debug|x86.ActiveCfg = Debug|Any CPU
		{35E79EA5-28EC-4ACB-8740-B25CB828D7D5}.Debug|x86.Build.0 = Debug|Any CPU
		{35E79EA5-28EC-4ACB-8740-B25CB828D7D5}.Release|Any CPU.ActiveCfg = Release|Any CPU
		{35E79EA5-28EC-4ACB-8740-B25CB828D7D5}.Release|Any CPU.Build.0 = Release|Any CPU
		{35E79EA5-28EC-4ACB-8740-B25CB828D7D5}.Release|x64.ActiveCfg = Release|Any CPU
		{35E79EA5-28EC-4ACB-8740-B25CB828D7D5}.Release|x64.Build.0 = Release|Any CPU
		{35E79EA5-28EC-4ACB-8740-B25CB828D7D5}.Release|x86.ActiveCfg = Release|Any CPU
		{35E79EA5-28EC-4ACB-8740-B25CB828D7D5}.Release|x86.Build.0 = Release|Any CPU
		{8E5E5539-61CB-4FED-BE4F-817A5C5F526E}.Debug|Any CPU.ActiveCfg = Debug|Any CPU
		{8E5E5539-61CB-4FED-BE4F-817A5C5F526E}.Debug|Any CPU.Build.0 = Debug|Any CPU
		{8E5E5539-61CB-4FED-BE4F-817A5C5F526E}.Debug|x64.ActiveCfg = Debug|Any CPU
		{8E5E5539-61CB-4FED-BE4F-817A5C5F526E}.Debug|x64.Build.0 = Debug|Any CPU
		{8E5E5539-61CB-4FED-BE4F-817A5C5F526E}.Debug|x86.ActiveCfg = Debug|Any CPU
		{8E5E5539-61CB-4FED-BE4F-817A5C5F526E}.Debug|x86.Build.0 = Debug|Any CPU
		{8E5E5539-61CB-4FED-BE4F-817A5C5F526E}.Release|Any CPU.ActiveCfg = Release|Any CPU
		{8E5E5539-61CB-4FED-BE4F-817A5C5F526E}.Release|Any CPU.Build.0 = Release|Any CPU
		{8E5E5539-61CB-4FED-BE4F-817A5C5F526E}.Release|x64.ActiveCfg = Release|Any CPU
		{8E5E5539-61CB-4FED-BE4F-817A5C5F526E}.Release|x64.Build.0 = Release|Any CPU
		{8E5E5539-61CB-4FED-BE4F-817A5C5F526E}.Release|x86.ActiveCfg = Release|Any CPU
		{8E5E5539-61CB-4FED-BE4F-817A5C5F526E}.Release|x86.Build.0 = Release|Any CPU
		{B94AAE3B-C0BF-431A-B0D0-F08AB174946C}.Debug|Any CPU.ActiveCfg = Debug|Any CPU
		{B94AAE3B-C0BF-431A-B0D0-F08AB174946C}.Debug|Any CPU.Build.0 = Debug|Any CPU
		{B94AAE3B-C0BF-431A-B0D0-F08AB174946C}.Debug|x64.ActiveCfg = Debug|Any CPU
		{B94AAE3B-C0BF-431A-B0D0-F08AB174946C}.Debug|x64.Build.0 = Debug|Any CPU
		{B94AAE3B-C0BF-431A-B0D0-F08AB174946C}.Debug|x86.ActiveCfg = Debug|Any CPU
		{B94AAE3B-C0BF-431A-B0D0-F08AB174946C}.Debug|x86.Build.0 = Debug|Any CPU
		{B94AAE3B-C0BF-431A-B0D0-F08AB174946C}.Release|Any CPU.ActiveCfg = Release|Any CPU
		{B94AAE3B-C0BF-431A-B0D0-F08AB174946C}.Release|Any CPU.Build.0 = Release|Any CPU
		{B94AAE3B-C0BF-431A-B0D0-F08AB174946C}.Release|x64.ActiveCfg = Release|Any CPU
		{B94AAE3B-C0BF-431A-B0D0-F08AB174946C}.Release|x64.Build.0 = Release|Any CPU
		{B94AAE3B-C0BF-431A-B0D0-F08AB174946C}.Release|x86.ActiveCfg = Release|Any CPU
		{B94AAE3B-C0BF-431A-B0D0-F08AB174946C}.Release|x86.Build.0 = Release|Any CPU
		{8067D98C-F61E-438D-90FE-044D72A22F21}.Debug|Any CPU.ActiveCfg = Debug|Any CPU
		{8067D98C-F61E-438D-90FE-044D72A22F21}.Debug|Any CPU.Build.0 = Debug|Any CPU
		{8067D98C-F61E-438D-90FE-044D72A22F21}.Debug|x64.ActiveCfg = Debug|Any CPU
		{8067D98C-F61E-438D-90FE-044D72A22F21}.Debug|x64.Build.0 = Debug|Any CPU
		{8067D98C-F61E-438D-90FE-044D72A22F21}.Debug|x86.ActiveCfg = Debug|Any CPU
		{8067D98C-F61E-438D-90FE-044D72A22F21}.Debug|x86.Build.0 = Debug|Any CPU
		{8067D98C-F61E-438D-90FE-044D72A22F21}.Release|Any CPU.ActiveCfg = Release|Any CPU
		{8067D98C-F61E-438D-90FE-044D72A22F21}.Release|Any CPU.Build.0 = Release|Any CPU
		{8067D98C-F61E-438D-90FE-044D72A22F21}.Release|x64.ActiveCfg = Release|Any CPU
		{8067D98C-F61E-438D-90FE-044D72A22F21}.Release|x64.Build.0 = Release|Any CPU
		{8067D98C-F61E-438D-90FE-044D72A22F21}.Release|x86.ActiveCfg = Release|Any CPU
		{8067D98C-F61E-438D-90FE-044D72A22F21}.Release|x86.Build.0 = Release|Any CPU
		{5AEF14FF-6813-4D24-BFE9-BB2A783E1F19}.Debug|Any CPU.ActiveCfg = Debug|Any CPU
		{5AEF14FF-6813-4D24-BFE9-BB2A783E1F19}.Debug|Any CPU.Build.0 = Debug|Any CPU
		{5AEF14FF-6813-4D24-BFE9-BB2A783E1F19}.Debug|x64.ActiveCfg = Debug|Any CPU
		{5AEF14FF-6813-4D24-BFE9-BB2A783E1F19}.Debug|x64.Build.0 = Debug|Any CPU
		{5AEF14FF-6813-4D24-BFE9-BB2A783E1F19}.Debug|x86.ActiveCfg = Debug|Any CPU
		{5AEF14FF-6813-4D24-BFE9-BB2A783E1F19}.Debug|x86.Build.0 = Debug|Any CPU
		{5AEF14FF-6813-4D24-BFE9-BB2A783E1F19}.Release|Any CPU.ActiveCfg = Release|Any CPU
		{5AEF14FF-6813-4D24-BFE9-BB2A783E1F19}.Release|Any CPU.Build.0 = Release|Any CPU
		{5AEF14FF-6813-4D24-BFE9-BB2A783E1F19}.Release|x64.ActiveCfg = Release|Any CPU
		{5AEF14FF-6813-4D24-BFE9-BB2A783E1F19}.Release|x64.Build.0 = Release|Any CPU
		{5AEF14FF-6813-4D24-BFE9-BB2A783E1F19}.Release|x86.ActiveCfg = Release|Any CPU
		{5AEF14FF-6813-4D24-BFE9-BB2A783E1F19}.Release|x86.Build.0 = Release|Any CPU
		{E3B7A7BD-F029-45BA-9342-2FBDEA17308B}.Debug|Any CPU.ActiveCfg = Debug|Any CPU
		{E3B7A7BD-F029-45BA-9342-2FBDEA17308B}.Debug|Any CPU.Build.0 = Debug|Any CPU
		{E3B7A7BD-F029-45BA-9342-2FBDEA17308B}.Debug|x64.ActiveCfg = Debug|Any CPU
		{E3B7A7BD-F029-45BA-9342-2FBDEA17308B}.Debug|x64.Build.0 = Debug|Any CPU
		{E3B7A7BD-F029-45BA-9342-2FBDEA17308B}.Debug|x86.ActiveCfg = Debug|Any CPU
		{E3B7A7BD-F029-45BA-9342-2FBDEA17308B}.Debug|x86.Build.0 = Debug|Any CPU
		{E3B7A7BD-F029-45BA-9342-2FBDEA17308B}.Release|Any CPU.ActiveCfg = Release|Any CPU
		{E3B7A7BD-F029-45BA-9342-2FBDEA17308B}.Release|Any CPU.Build.0 = Release|Any CPU
		{E3B7A7BD-F029-45BA-9342-2FBDEA17308B}.Release|x64.ActiveCfg = Release|Any CPU
		{E3B7A7BD-F029-45BA-9342-2FBDEA17308B}.Release|x64.Build.0 = Release|Any CPU
		{E3B7A7BD-F029-45BA-9342-2FBDEA17308B}.Release|x86.ActiveCfg = Release|Any CPU
		{E3B7A7BD-F029-45BA-9342-2FBDEA17308B}.Release|x86.Build.0 = Release|Any CPU
	EndGlobalSection
	GlobalSection(SolutionProperties) = preSolution
		HideSolutionNode = FALSE
	EndGlobalSection
	GlobalSection(NestedProjects) = preSolution
		{242AFBC5-5B60-4B67-A47A-72F6B86E8DF1} = {83D2AB24-B493-4005-ADB0-554DF267A5CB}
		{29E5F61C-7026-47EB-B318-A40F32B9B6EE} = {83D2AB24-B493-4005-ADB0-554DF267A5CB}
		{45670F7F-F71F-45C9-9FD3-39649F539182} = {8DFE3C65-AB17-41A3-AE73-C613D30F49FF}
		{532E8BF5-5BD2-48EE-872A-FBDD505B7B59} = {45670F7F-F71F-45C9-9FD3-39649F539182}
		{EE81EE4A-A38B-4B64-B6DD-26892246F7CB} = {9B19A252-B474-4E15-AD4E-3B5621F77781}
		{E1A08341-1AAD-4120-90B1-6A9DE042EAC1} = {45670F7F-F71F-45C9-9FD3-39649F539182}
		{D4FBC5ED-6B75-44DC-A0FA-284E0C83923C} = {E1A08341-1AAD-4120-90B1-6A9DE042EAC1}
		{2BED0ACC-F592-4A85-9076-367A5F5E68ED} = {E1A08341-1AAD-4120-90B1-6A9DE042EAC1}
		{5E8F9FB7-B860-4150-ABBE-CC4D0572BA67} = {45670F7F-F71F-45C9-9FD3-39649F539182}
		{7F784E74-3350-424D-AAE3-5B55CFB6D748} = {5E8F9FB7-B860-4150-ABBE-CC4D0572BA67}
		{E5E9ABA1-B256-4A8C-8A4B-08CA9B119273} = {7F784E74-3350-424D-AAE3-5B55CFB6D748}
		{9D6D2232-9629-4050-BBB3-4340F26318EF} = {7F784E74-3350-424D-AAE3-5B55CFB6D748}
		{AE661273-C226-425B-88C0-DEF6DF68C6E8} = {7F784E74-3350-424D-AAE3-5B55CFB6D748}
		{39055CEB-813E-49D4-BFAD-6481536DCAC6} = {5E8F9FB7-B860-4150-ABBE-CC4D0572BA67}
		{59470C44-A323-46BA-BEE7-19AC38D976E8} = {39055CEB-813E-49D4-BFAD-6481536DCAC6}
		{EDD4AB55-E6C5-41D7-9220-4DD409B2BE50} = {5E8F9FB7-B860-4150-ABBE-CC4D0572BA67}
		{DF29AE7E-C2C7-47D5-B812-C486C19FCD57} = {EDD4AB55-E6C5-41D7-9220-4DD409B2BE50}
		{384E9B1F-29B1-4F32-BE4C-DECE868633CE} = {EDD4AB55-E6C5-41D7-9220-4DD409B2BE50}
		{CF86B08E-288F-458B-8A34-420722C523D3} = {EDD4AB55-E6C5-41D7-9220-4DD409B2BE50}
		{2DD3EB26-BD96-4CDF-916A-B2D99B1C1C57} = {EDD4AB55-E6C5-41D7-9220-4DD409B2BE50}
		{AB09EC51-1599-4BC2-BF29-251722B1EFA1} = {5E8F9FB7-B860-4150-ABBE-CC4D0572BA67}
		{50B69B39-192D-4752-AFBA-1DE92EF2060B} = {AB09EC51-1599-4BC2-BF29-251722B1EFA1}
		{9EC50813-29B1-4E1A-A622-2A055B4EC452} = {AB09EC51-1599-4BC2-BF29-251722B1EFA1}
		{A88AB939-642F-4940-B7A1-2ED6805ED20E} = {5E8F9FB7-B860-4150-ABBE-CC4D0572BA67}
		{41635875-D910-4E5A-830D-424EEE02EF76} = {A88AB939-642F-4940-B7A1-2ED6805ED20E}
		{8318A858-1615-4393-9295-8F188080DFD9} = {A88AB939-642F-4940-B7A1-2ED6805ED20E}
		{B790B2CA-9E12-4EDF-B049-B0A611B2D60C} = {A88AB939-642F-4940-B7A1-2ED6805ED20E}
		{C646C7CC-09E2-40B1-8848-87D0B7813BCE} = {A88AB939-642F-4940-B7A1-2ED6805ED20E}
		{BFD07B58-98AC-44DF-A351-A0A337ABC80C} = {5E8F9FB7-B860-4150-ABBE-CC4D0572BA67}
		{C5DDB061-9AFD-4BA2-BE4B-184908F4723F} = {BFD07B58-98AC-44DF-A351-A0A337ABC80C}
		{DFB94795-B110-41DF-A582-7C593049DE8F} = {BFD07B58-98AC-44DF-A351-A0A337ABC80C}
		{1E155D49-0469-4D55-8F21-8D5836CF4DAE} = {BFD07B58-98AC-44DF-A351-A0A337ABC80C}
		{6E70C39D-1AC9-413A-906C-6CDAD8B85DB2} = {5E8F9FB7-B860-4150-ABBE-CC4D0572BA67}
		{10B4648D-F540-438E-A646-0E316FC19C29} = {6E70C39D-1AC9-413A-906C-6CDAD8B85DB2}
		{B4EFE3EB-6269-416B-BE7C-3E842587DD06} = {6E70C39D-1AC9-413A-906C-6CDAD8B85DB2}
		{98C34A4D-C331-48F2-81B8-CC2536A5E456} = {5E8F9FB7-B860-4150-ABBE-CC4D0572BA67}
		{8BD84D1C-D0ED-4130-AD01-204C1ADA003E} = {98C34A4D-C331-48F2-81B8-CC2536A5E456}
		{B378D570-AEC9-462E-A988-06F74D719392} = {98C34A4D-C331-48F2-81B8-CC2536A5E456}
		{BB49207F-C5BC-454C-9CAF-050104CB70BB} = {67DF9109-3A50-4869-B79C-231384208624}
		{CBDC54F4-8F95-411A-93C0-BAB6E5E3EFD8} = {BB49207F-C5BC-454C-9CAF-050104CB70BB}
		{1FBEB823-AF1B-47CD-8219-7F859BF42FCD} = {CBDC54F4-8F95-411A-93C0-BAB6E5E3EFD8}
		{E3995CCC-59DC-43B6-96B0-6AC3C73E0FAB} = {1FBEB823-AF1B-47CD-8219-7F859BF42FCD}
		{5E31B416-A7FC-4BC0-908D-9823B0365220} = {CBDC54F4-8F95-411A-93C0-BAB6E5E3EFD8}
		{E193645A-BBF6-4271-9E39-B299151C314F} = {5E31B416-A7FC-4BC0-908D-9823B0365220}
		{82F4D4E9-5D4D-4DA0-B203-D483BEBD5AEC} = {CBDC54F4-8F95-411A-93C0-BAB6E5E3EFD8}
		{13122B16-5988-4526-B365-05F9A7F2770D} = {82F4D4E9-5D4D-4DA0-B203-D483BEBD5AEC}
		{77010986-B3F9-4A1F-B808-B502BE573C33} = {67DF9109-3A50-4869-B79C-231384208624}
		{E1D0E3E5-AF04-41D5-BD60-97DC5135AE6E} = {67DF9109-3A50-4869-B79C-231384208624}
		{35E79EA5-28EC-4ACB-8740-B25CB828D7D5} = {67DF9109-3A50-4869-B79C-231384208624}
		{8E5E5539-61CB-4FED-BE4F-817A5C5F526E} = {67DF9109-3A50-4869-B79C-231384208624}
		{B94AAE3B-C0BF-431A-B0D0-F08AB174946C} = {67DF9109-3A50-4869-B79C-231384208624}
		{9B19A252-B474-4E15-AD4E-3B5621F77781} = {45670F7F-F71F-45C9-9FD3-39649F539182}
		{8067D98C-F61E-438D-90FE-044D72A22F21} = {9B19A252-B474-4E15-AD4E-3B5621F77781}
		{5AEF14FF-6813-4D24-BFE9-BB2A783E1F19} = {BB49207F-C5BC-454C-9CAF-050104CB70BB}
		{E3B7A7BD-F029-45BA-9342-2FBDEA17308B} = {BB49207F-C5BC-454C-9CAF-050104CB70BB}
	EndGlobalSection
EndGlobal
